
Microsoft Visual Studio Solution File, Format Version 12.00
# Visual Studio Version 16
VisualStudioVersion = 16.0.30717.126
MinimumVisualStudioVersion = 10.0.40219.1
Project("{FAE04EC0-301F-11D3-BF4B-00C04F79EFBC}") = "Promos", "Promos\Promos.csproj", "{47EA0AEC-8DDD-425F-97D9-23BDC9B57639}"
EndProject
Global
	GlobalSection(SolutionConfigurationPlatforms) = preSolution
		Debug|Any CPU = Debug|Any CPU
		Release|Any CPU = Release|Any CPU
	EndGlobalSection
	GlobalSection(ProjectConfigurationPlatforms) = postSolution
		{47EA0AEC-8DDD-425F-97D9-23BDC9B57639}.Debug|Any CPU.ActiveCfg = Debug|Any CPU
		{47EA0AEC-8DDD-425F-97D9-23BDC9B57639}.Debug|Any CPU.Build.0 = Debug|Any CPU
		{47EA0AEC-8DDD-425F-97D9-23BDC9B57639}.Release|Any CPU.ActiveCfg = Release|Any CPU
		{47EA0AEC-8DDD-425F-97D9-23BDC9B57639}.Release|Any CPU.Build.0 = Release|Any CPU
	EndGlobalSection
	GlobalSection(SolutionProperties) = preSolution
		HideSolutionNode = FALSE
	EndGlobalSection
	GlobalSection(ExtensibilityGlobals) = postSolution
		SolutionGuid = {4A2E3316-5827-4A5C-AFF9-ECD1439CCF35}
	EndGlobalSection
EndGlobal
